// !$*UTF8*$!
{
	archiveVersion = 1;
	classes = {
	};
	objectVersion = 50;
	objects = {

/* Begin PBXBuildFile section */
		152BE42E2179744200D9FB69 /* NSObject+Extension.swift in Sources */ = {isa = PBXBuildFile; fileRef = 152BE42D2179744200D9FB69 /* NSObject+Extension.swift */; };
		153E37802175BC8E00D7634D /* Collection+Extension.swift in Sources */ = {isa = PBXBuildFile; fileRef = 153E377F2175BC8E00D7634D /* Collection+Extension.swift */; };
		156787B1215DC79600AE6F31 /* AppDelegate.swift in Sources */ = {isa = PBXBuildFile; fileRef = 156787B0215DC79600AE6F31 /* AppDelegate.swift */; };
		156787B3215DC79600AE6F31 /* ViewController.swift in Sources */ = {isa = PBXBuildFile; fileRef = 156787B2215DC79600AE6F31 /* ViewController.swift */; };
		156787B6215DC79600AE6F31 /* Main.storyboard in Resources */ = {isa = PBXBuildFile; fileRef = 156787B4215DC79600AE6F31 /* Main.storyboard */; };
		156787B8215DC79800AE6F31 /* Assets.xcassets in Resources */ = {isa = PBXBuildFile; fileRef = 156787B7215DC79800AE6F31 /* Assets.xcassets */; };
		156787BB215DC79800AE6F31 /* LaunchScreen.storyboard in Resources */ = {isa = PBXBuildFile; fileRef = 156787B9215DC79800AE6F31 /* LaunchScreen.storyboard */; };
		156936762176CAC4004F8A24 /* ViewControllerInjector.swift in Sources */ = {isa = PBXBuildFile; fileRef = 156936752176CAC4004F8A24 /* ViewControllerInjector.swift */; };
		156981A5217885A7004FDA01 /* DetailViewController.swift in Sources */ = {isa = PBXBuildFile; fileRef = 156981A4217885A7004FDA01 /* DetailViewController.swift */; };
		156B4FC7216CE9CF0096E543 /* UIWindow+Extension.swift in Sources */ = {isa = PBXBuildFile; fileRef = 156B4FC6216CE9CF0096E543 /* UIWindow+Extension.swift */; };
		156B4FC9216CEC140096E543 /* UIColor+Extension.swift in Sources */ = {isa = PBXBuildFile; fileRef = 156B4FC8216CEC140096E543 /* UIColor+Extension.swift */; };
		158FCD85217093530067A406 /* DCTool.swift in Sources */ = {isa = PBXBuildFile; fileRef = 158FCD84217093530067A406 /* DCTool.swift */; };
		158FCD87217093640067A406 /* Observable.swift in Sources */ = {isa = PBXBuildFile; fileRef = 158FCD86217093640067A406 /* Observable.swift */; };
		15940C5021748FAB00E83DC4 /* UIViewController+Extension.swift in Sources */ = {isa = PBXBuildFile; fileRef = 15940C4F21748FAB00E83DC4 /* UIViewController+Extension.swift */; };
		15974107219D1A20003533C4 /* MutexLock.swift in Sources */ = {isa = PBXBuildFile; fileRef = 15974106219D1A20003533C4 /* MutexLock.swift */; };
		15B9519B217816180059D579 /* UIButton+Extension.swift in Sources */ = {isa = PBXBuildFile; fileRef = 15B9519A217816180059D579 /* UIButton+Extension.swift */; };
		15DE142C21639C6E008BD316 /* UIView+Extension.swift in Sources */ = {isa = PBXBuildFile; fileRef = 15DE142B21639C6E008BD316 /* UIView+Extension.swift */; };
		4FECA9FC4F459B74ADBEE5CA /* Pods_SwiftTipsDemo.framework in Frameworks */ = {isa = PBXBuildFile; fileRef = 7C3A354119B6DE1E2B772349 /* Pods_SwiftTipsDemo.framework */; };
/* End PBXBuildFile section */

/* Begin PBXFileReference section */
		152BE42D2179744200D9FB69 /* NSObject+Extension.swift */ = {isa = PBXFileReference; lastKnownFileType = sourcecode.swift; path = "NSObject+Extension.swift"; sourceTree = "<group>"; };
		153E377F2175BC8E00D7634D /* Collection+Extension.swift */ = {isa = PBXFileReference; lastKnownFileType = sourcecode.swift; path = "Collection+Extension.swift"; sourceTree = "<group>"; };
		156787AD215DC79600AE6F31 /* SwiftTipsDemo.app */ = {isa = PBXFileReference; explicitFileType = wrapper.application; includeInIndex = 0; path = SwiftTipsDemo.app; sourceTree = BUILT_PRODUCTS_DIR; };
		156787B0215DC79600AE6F31 /* AppDelegate.swift */ = {isa = PBXFileReference; lastKnownFileType = sourcecode.swift; path = AppDelegate.swift; sourceTree = "<group>"; };
		156787B2215DC79600AE6F31 /* ViewController.swift */ = {isa = PBXFileReference; lastKnownFileType = sourcecode.swift; path = ViewController.swift; sourceTree = "<group>"; };
		156787B5215DC79600AE6F31 /* Base */ = {isa = PBXFileReference; lastKnownFileType = file.storyboard; name = Base; path = Base.lproj/Main.storyboard; sourceTree = "<group>"; };
		156787B7215DC79800AE6F31 /* Assets.xcassets */ = {isa = PBXFileReference; lastKnownFileType = folder.assetcatalog; path = Assets.xcassets; sourceTree = "<group>"; };
		156787BA215DC79800AE6F31 /* Base */ = {isa = PBXFileReference; lastKnownFileType = file.storyboard; name = Base; path = Base.lproj/LaunchScreen.storyboard; sourceTree = "<group>"; };
		156787BC215DC79800AE6F31 /* Info.plist */ = {isa = PBXFileReference; lastKnownFileType = text.plist.xml; path = Info.plist; sourceTree = "<group>"; };
		156936752176CAC4004F8A24 /* ViewControllerInjector.swift */ = {isa = PBXFileReference; lastKnownFileType = sourcecode.swift; path = ViewControllerInjector.swift; sourceTree = "<group>"; };
		156981A4217885A7004FDA01 /* DetailViewController.swift */ = {isa = PBXFileReference; lastKnownFileType = sourcecode.swift; path = DetailViewController.swift; sourceTree = "<group>"; };
		156B4FC6216CE9CF0096E543 /* UIWindow+Extension.swift */ = {isa = PBXFileReference; lastKnownFileType = sourcecode.swift; path = "UIWindow+Extension.swift"; sourceTree = "<group>"; };
		156B4FC8216CEC140096E543 /* UIColor+Extension.swift */ = {isa = PBXFileReference; lastKnownFileType = sourcecode.swift; path = "UIColor+Extension.swift"; sourceTree = "<group>"; };
		158FCD84217093530067A406 /* DCTool.swift */ = {isa = PBXFileReference; fileEncoding = 4; lastKnownFileType = sourcecode.swift; path = DCTool.swift; sourceTree = "<group>"; };
		158FCD86217093640067A406 /* Observable.swift */ = {isa = PBXFileReference; lastKnownFileType = sourcecode.swift; path = Observable.swift; sourceTree = "<group>"; };
		15940C4F21748FAB00E83DC4 /* UIViewController+Extension.swift */ = {isa = PBXFileReference; lastKnownFileType = sourcecode.swift; path = "UIViewController+Extension.swift"; sourceTree = "<group>"; };
		15974106219D1A20003533C4 /* MutexLock.swift */ = {isa = PBXFileReference; fileEncoding = 4; lastKnownFileType = sourcecode.swift; path = MutexLock.swift; sourceTree = "<group>"; };
		15B9519A217816180059D579 /* UIButton+Extension.swift */ = {isa = PBXFileReference; lastKnownFileType = sourcecode.swift; path = "UIButton+Extension.swift"; sourceTree = "<group>"; };
		15DE142B21639C6E008BD316 /* UIView+Extension.swift */ = {isa = PBXFileReference; lastKnownFileType = sourcecode.swift; path = "UIView+Extension.swift"; sourceTree = "<group>"; };
		1651656BA8381E35829DD90E /* Pods-SwiftTipsDemo.debug.xcconfig */ = {isa = PBXFileReference; includeInIndex = 1; lastKnownFileType = text.xcconfig; name = "Pods-SwiftTipsDemo.debug.xcconfig"; path = "Pods/Target Support Files/Pods-SwiftTipsDemo/Pods-SwiftTipsDemo.debug.xcconfig"; sourceTree = "<group>"; };
		5859E189745EF772CC73CF55 /* Pods-SwiftTipsDemo.release.xcconfig */ = {isa = PBXFileReference; includeInIndex = 1; lastKnownFileType = text.xcconfig; name = "Pods-SwiftTipsDemo.release.xcconfig"; path = "Pods/Target Support Files/Pods-SwiftTipsDemo/Pods-SwiftTipsDemo.release.xcconfig"; sourceTree = "<group>"; };
		7C3A354119B6DE1E2B772349 /* Pods_SwiftTipsDemo.framework */ = {isa = PBXFileReference; explicitFileType = wrapper.framework; includeInIndex = 0; path = Pods_SwiftTipsDemo.framework; sourceTree = BUILT_PRODUCTS_DIR; };
/* End PBXFileReference section */

/* Begin PBXFrameworksBuildPhase section */
		156787AA215DC79600AE6F31 /* Frameworks */ = {
			isa = PBXFrameworksBuildPhase;
			buildActionMask = 2147483647;
			files = (
				4FECA9FC4F459B74ADBEE5CA /* Pods_SwiftTipsDemo.framework in Frameworks */,
			);
			runOnlyForDeploymentPostprocessing = 0;
		};
/* End PBXFrameworksBuildPhase section */

/* Begin PBXGroup section */
		156787A4215DC79600AE6F31 = {
			isa = PBXGroup;
			children = (
				156787AF215DC79600AE6F31 /* SwiftTipsDemo */,
				156787AE215DC79600AE6F31 /* Products */,
				4BC3C8E9F1984D4D79750638 /* Pods */,
				E990792FF2A69E19E7CD4BC2 /* Frameworks */,
			);
			sourceTree = "<group>";
		};
		156787AE215DC79600AE6F31 /* Products */ = {
			isa = PBXGroup;
			children = (
				156787AD215DC79600AE6F31 /* SwiftTipsDemo.app */,
			);
			name = Products;
			sourceTree = "<group>";
		};
		156787AF215DC79600AE6F31 /* SwiftTipsDemo */ = {
			isa = PBXGroup;
			children = (
				15E04D7221606D01007D1AF9 /* DCTool */,
				156787B0215DC79600AE6F31 /* AppDelegate.swift */,
				156787B2215DC79600AE6F31 /* ViewController.swift */,
				156981A4217885A7004FDA01 /* DetailViewController.swift */,
				156787B4215DC79600AE6F31 /* Main.storyboard */,
				156787B7215DC79800AE6F31 /* Assets.xcassets */,
				156787B9215DC79800AE6F31 /* LaunchScreen.storyboard */,
				156787BC215DC79800AE6F31 /* Info.plist */,
			);
			path = SwiftTipsDemo;
			sourceTree = "<group>";
		};
		158FCD83217093530067A406 /* DCTool */ = {
			isa = PBXGroup;
			children = (
				158FCD84217093530067A406 /* DCTool.swift */,
				15974106219D1A20003533C4 /* MutexLock.swift */,
				158FCD86217093640067A406 /* Observable.swift */,
				156936752176CAC4004F8A24 /* ViewControllerInjector.swift */,
			);
			path = DCTool;
			sourceTree = "<group>";
		};
		15DE142821639113008BD316 /* Extension */ = {
			isa = PBXGroup;
			children = (
				15DE142B21639C6E008BD316 /* UIView+Extension.swift */,
				156B4FC6216CE9CF0096E543 /* UIWindow+Extension.swift */,
				156B4FC8216CEC140096E543 /* UIColor+Extension.swift */,
				15940C4F21748FAB00E83DC4 /* UIViewController+Extension.swift */,
				153E377F2175BC8E00D7634D /* Collection+Extension.swift */,
				15B9519A217816180059D579 /* UIButton+Extension.swift */,
				152BE42D2179744200D9FB69 /* NSObject+Extension.swift */,
			);
			path = Extension;
			sourceTree = "<group>";
		};
		15E04D7221606D01007D1AF9 /* DCTool */ = {
			isa = PBXGroup;
			children = (
				158FCD83217093530067A406 /* DCTool */,
				15DE142821639113008BD316 /* Extension */,
			);
			path = DCTool;
			sourceTree = SOURCE_ROOT;
		};
		4BC3C8E9F1984D4D79750638 /* Pods */ = {
			isa = PBXGroup;
			children = (
				1651656BA8381E35829DD90E /* Pods-SwiftTipsDemo.debug.xcconfig */,
				5859E189745EF772CC73CF55 /* Pods-SwiftTipsDemo.release.xcconfig */,
			);
			name = Pods;
			sourceTree = "<group>";
		};
		E990792FF2A69E19E7CD4BC2 /* Frameworks */ = {
			isa = PBXGroup;
			children = (
				7C3A354119B6DE1E2B772349 /* Pods_SwiftTipsDemo.framework */,
			);
			name = Frameworks;
			sourceTree = "<group>";
		};
/* End PBXGroup section */

/* Begin PBXNativeTarget section */
		156787AC215DC79600AE6F31 /* SwiftTipsDemo */ = {
			isa = PBXNativeTarget;
			buildConfigurationList = 156787BF215DC79800AE6F31 /* Build configuration list for PBXNativeTarget "SwiftTipsDemo" */;
			buildPhases = (
				257A753C667403E3AAD8008E /* [CP] Check Pods Manifest.lock */,
				156787A9215DC79600AE6F31 /* Sources */,
				156787AA215DC79600AE6F31 /* Frameworks */,
				156787AB215DC79600AE6F31 /* Resources */,
				15B9519C217864730059D579 /* ShellScript */,
			);
			buildRules = (
			);
			dependencies = (
			);
			name = SwiftTipsDemo;
			productName = SwiftTipsDemo;
			productReference = 156787AD215DC79600AE6F31 /* SwiftTipsDemo.app */;
			productType = "com.apple.product-type.application";
		};
/* End PBXNativeTarget section */

/* Begin PBXProject section */
		156787A5215DC79600AE6F31 /* Project object */ = {
			isa = PBXProject;
			attributes = {
				LastSwiftUpdateCheck = 1000;
				LastUpgradeCheck = 1000;
				ORGANIZATIONNAME = Dariel;
				TargetAttributes = {
					156787AC215DC79600AE6F31 = {
						CreatedOnToolsVersion = 10.0;
					};
				};
			};
			buildConfigurationList = 156787A8215DC79600AE6F31 /* Build configuration list for PBXProject "SwiftTipsDemo" */;
			compatibilityVersion = "Xcode 9.3";
			developmentRegion = en;
			hasScannedForEncodings = 0;
			knownRegions = (
				en,
				Base,
			);
			mainGroup = 156787A4215DC79600AE6F31;
			productRefGroup = 156787AE215DC79600AE6F31 /* Products */;
			projectDirPath = "";
			projectRoot = "";
			targets = (
				156787AC215DC79600AE6F31 /* SwiftTipsDemo */,
			);
		};
/* End PBXProject section */

/* Begin PBXResourcesBuildPhase section */
		156787AB215DC79600AE6F31 /* Resources */ = {
			isa = PBXResourcesBuildPhase;
			buildActionMask = 2147483647;
			files = (
				156787BB215DC79800AE6F31 /* LaunchScreen.storyboard in Resources */,
				156787B8215DC79800AE6F31 /* Assets.xcassets in Resources */,
				156787B6215DC79600AE6F31 /* Main.storyboard in Resources */,
			);
			runOnlyForDeploymentPostprocessing = 0;
		};
/* End PBXResourcesBuildPhase section */

/* Begin PBXShellScriptBuildPhase section */
		15B9519C217864730059D579 /* ShellScript */ = {
			isa = PBXShellScriptBuildPhase;
			buildActionMask = 2147483647;
			files = (
			);
			inputFileListPaths = (
			);
			inputPaths = (
			);
			outputFileListPaths = (
			);
			outputPaths = (
			);
			runOnlyForDeploymentPostprocessing = 0;
			shellPath = /bin/sh;
			shellScript = "\"${PODS_ROOT}/SwiftLint/swiftlint\"\n";
		};
		257A753C667403E3AAD8008E /* [CP] Check Pods Manifest.lock */ = {
			isa = PBXShellScriptBuildPhase;
			buildActionMask = 2147483647;
			files = (
			);
			inputPaths = (
				"${PODS_PODFILE_DIR_PATH}/Podfile.lock",
				"${PODS_ROOT}/Manifest.lock",
			);
			name = "[CP] Check Pods Manifest.lock";
			outputPaths = (
				"$(DERIVED_FILE_DIR)/Pods-SwiftTipsDemo-checkManifestLockResult.txt",
			);
			runOnlyForDeploymentPostprocessing = 0;
			shellPath = /bin/sh;
			shellScript = "diff \"${PODS_PODFILE_DIR_PATH}/Podfile.lock\" \"${PODS_ROOT}/Manifest.lock\" > /dev/null\nif [ $? != 0 ] ; then\n    # print error to STDERR\n    echo \"error: The sandbox is not in sync with the Podfile.lock. Run 'pod install' or update your CocoaPods installation.\" >&2\n    exit 1\nfi\n# This output is used by Xcode 'outputs' to avoid re-running this script phase.\necho \"SUCCESS\" > \"${SCRIPT_OUTPUT_FILE_0}\"\n";
			showEnvVarsInLog = 0;
		};
/* End PBXShellScriptBuildPhase section */

/* Begin PBXSourcesBuildPhase section */
		156787A9215DC79600AE6F31 /* Sources */ = {
			isa = PBXSourcesBuildPhase;
			buildActionMask = 2147483647;
			files = (
				153E37802175BC8E00D7634D /* Collection+Extension.swift in Sources */,
				158FCD85217093530067A406 /* DCTool.swift in Sources */,
				15B9519B217816180059D579 /* UIButton+Extension.swift in Sources */,
				156981A5217885A7004FDA01 /* DetailViewController.swift in Sources */,
				156936762176CAC4004F8A24 /* ViewControllerInjector.swift in Sources */,
				156B4FC9216CEC140096E543 /* UIColor+Extension.swift in Sources */,
				156787B3215DC79600AE6F31 /* ViewController.swift in Sources */,
				152BE42E2179744200D9FB69 /* NSObject+Extension.swift in Sources */,
				158FCD87217093640067A406 /* Observable.swift in Sources */,
				15DE142C21639C6E008BD316 /* UIView+Extension.swift in Sources */,
				156787B1215DC79600AE6F31 /* AppDelegate.swift in Sources */,
				156B4FC7216CE9CF0096E543 /* UIWindow+Extension.swift in Sources */,
				15974107219D1A20003533C4 /* MutexLock.swift in Sources */,
				15940C5021748FAB00E83DC4 /* UIViewController+Extension.swift in Sources */,
			);
			runOnlyForDeploymentPostprocessing = 0;
		};
/* End PBXSourcesBuildPhase section */

/* Begin PBXVariantGroup section */
		156787B4215DC79600AE6F31 /* Main.storyboard */ = {
			isa = PBXVariantGroup;
			children = (
				156787B5215DC79600AE6F31 /* Base */,
			);
			name = Main.storyboard;
			sourceTree = "<group>";
		};
		156787B9215DC79800AE6F31 /* LaunchScreen.storyboard */ = {
			isa = PBXVariantGroup;
			children = (
				156787BA215DC79800AE6F31 /* Base */,
			);
			name = LaunchScreen.storyboard;
			sourceTree = "<group>";
		};
/* End PBXVariantGroup section */

/* Begin XCBuildConfiguration section */
		156787BD215DC79800AE6F31 /* Debug */ = {
			isa = XCBuildConfiguration;
			buildSettings = {
				ALWAYS_SEARCH_USER_PATHS = NO;
				CLANG_ANALYZER_NONNULL = YES;
				CLANG_ANALYZER_NUMBER_OBJECT_CONVERSION = YES_AGGRESSIVE;
				CLANG_CXX_LANGUAGE_STANDARD = "gnu++14";
				CLANG_CXX_LIBRARY = "libc++";
				CLANG_ENABLE_MODULES = YES;
				CLANG_ENABLE_OBJC_ARC = YES;
				CLANG_ENABLE_OBJC_WEAK = YES;
				CLANG_WARN_BLOCK_CAPTURE_AUTORELEASING = YES;
				CLANG_WARN_BOOL_CONVERSION = YES;
				CLANG_WARN_COMMA = YES;
				CLANG_WARN_CONSTANT_CONVERSION = YES;
				CLANG_WARN_DEPRECATED_OBJC_IMPLEMENTATIONS = YES;
				CLANG_WARN_DIRECT_OBJC_ISA_USAGE = YES_ERROR;
				CLANG_WARN_DOCUMENTATION_COMMENTS = YES;
				CLANG_WARN_EMPTY_BODY = YES;
				CLANG_WARN_ENUM_CONVERSION = YES;
				CLANG_WARN_INFINITE_RECURSION = YES;
				CLANG_WARN_INT_CONVERSION = YES;
				CLANG_WARN_NON_LITERAL_NULL_CONVERSION = YES;
				CLANG_WARN_OBJC_IMPLICIT_RETAIN_SELF = YES;
				CLANG_WARN_OBJC_LITERAL_CONVERSION = YES;
				CLANG_WARN_OBJC_ROOT_CLASS = YES_ERROR;
				CLANG_WARN_RANGE_LOOP_ANALYSIS = YES;
				CLANG_WARN_STRICT_PROTOTYPES = YES;
				CLANG_WARN_SUSPICIOUS_MOVE = YES;
				CLANG_WARN_UNGUARDED_AVAILABILITY = YES_AGGRESSIVE;
				CLANG_WARN_UNREACHABLE_CODE = YES;
				CLANG_WARN__DUPLICATE_METHOD_MATCH = YES;
				CODE_SIGN_IDENTITY = "iPhone Developer";
				COPY_PHASE_STRIP = NO;
				DEBUG_INFORMATION_FORMAT = dwarf;
				ENABLE_STRICT_OBJC_MSGSEND = YES;
				ENABLE_TESTABILITY = YES;
				GCC_C_LANGUAGE_STANDARD = gnu11;
				GCC_DYNAMIC_NO_PIC = NO;
				GCC_NO_COMMON_BLOCKS = YES;
				GCC_OPTIMIZATION_LEVEL = 0;
				GCC_PREPROCESSOR_DEFINITIONS = (
					"DEBUG=1",
					"$(inherited)",
				);
				GCC_WARN_64_TO_32_BIT_CONVERSION = YES;
				GCC_WARN_ABOUT_RETURN_TYPE = YES_ERROR;
				GCC_WARN_UNDECLARED_SELECTOR = YES;
				GCC_WARN_UNINITIALIZED_AUTOS = YES_AGGRESSIVE;
				GCC_WARN_UNUSED_FUNCTION = YES;
				GCC_WARN_UNUSED_VARIABLE = YES;
				IPHONEOS_DEPLOYMENT_TARGET = 12.0;
				MTL_ENABLE_DEBUG_INFO = INCLUDE_SOURCE;
				MTL_FAST_MATH = YES;
				ONLY_ACTIVE_ARCH = YES;
				SDKROOT = iphoneos;
				SWIFT_ACTIVE_COMPILATION_CONDITIONS = DEBUG;
				SWIFT_OPTIMIZATION_LEVEL = "-Onone";
			};
			name = Debug;
		};
		156787BE215DC79800AE6F31 /* Release */ = {
			isa = XCBuildConfiguration;
			buildSettings = {
				ALWAYS_SEARCH_USER_PATHS = NO;
				CLANG_ANALYZER_NONNULL = YES;
				CLANG_ANALYZER_NUMBER_OBJECT_CONVERSION = YES_AGGRESSIVE;
				CLANG_CXX_LANGUAGE_STANDARD = "gnu++14";
				CLANG_CXX_LIBRARY = "libc++";
				CLANG_ENABLE_MODULES = YES;
				CLANG_ENABLE_OBJC_ARC = YES;
				CLANG_ENABLE_OBJC_WEAK = YES;
				CLANG_WARN_BLOCK_CAPTURE_AUTORELEASING = YES;
				CLANG_WARN_BOOL_CONVERSION = YES;
				CLANG_WARN_COMMA = YES;
				CLANG_WARN_CONSTANT_CONVERSION = YES;
				CLANG_WARN_DEPRECATED_OBJC_IMPLEMENTATIONS = YES;
				CLANG_WARN_DIRECT_OBJC_ISA_USAGE = YES_ERROR;
				CLANG_WARN_DOCUMENTATION_COMMENTS = YES;
				CLANG_WARN_EMPTY_BODY = YES;
				CLANG_WARN_ENUM_CONVERSION = YES;
				CLANG_WARN_INFINITE_RECURSION = YES;
				CLANG_WARN_INT_CONVERSION = YES;
				CLANG_WARN_NON_LITERAL_NULL_CONVERSION = YES;
				CLANG_WARN_OBJC_IMPLICIT_RETAIN_SELF = YES;
				CLANG_WARN_OBJC_LITERAL_CONVERSION = YES;
				CLANG_WARN_OBJC_ROOT_CLASS = YES_ERROR;
				CLANG_WARN_RANGE_LOOP_ANALYSIS = YES;
				CLANG_WARN_STRICT_PROTOTYPES = YES;
				CLANG_WARN_SUSPICIOUS_MOVE = YES;
				CLANG_WARN_UNGUARDED_AVAILABILITY = YES_AGGRESSIVE;
				CLANG_WARN_UNREACHABLE_CODE = YES;
				CLANG_WARN__DUPLICATE_METHOD_MATCH = YES;
				CODE_SIGN_IDENTITY = "iPhone Developer";
				COPY_PHASE_STRIP = NO;
				DEBUG_INFORMATION_FORMAT = "dwarf-with-dsym";
				ENABLE_NS_ASSERTIONS = NO;
				ENABLE_STRICT_OBJC_MSGSEND = YES;
				GCC_C_LANGUAGE_STANDARD = gnu11;
				GCC_NO_COMMON_BLOCKS = YES;
				GCC_WARN_64_TO_32_BIT_CONVERSION = YES;
				GCC_WARN_ABOUT_RETURN_TYPE = YES_ERROR;
				GCC_WARN_UNDECLARED_SELECTOR = YES;
				GCC_WARN_UNINITIALIZED_AUTOS = YES_AGGRESSIVE;
				GCC_WARN_UNUSED_FUNCTION = YES;
				GCC_WARN_UNUSED_VARIABLE = YES;
				IPHONEOS_DEPLOYMENT_TARGET = 12.0;
				MTL_ENABLE_DEBUG_INFO = NO;
				MTL_FAST_MATH = YES;
				SDKROOT = iphoneos;
				SWIFT_COMPILATION_MODE = wholemodule;
				SWIFT_OPTIMIZATION_LEVEL = "-O";
				VALIDATE_PRODUCT = YES;
			};
			name = Release;
		};
		156787C0215DC79800AE6F31 /* Debug */ = {
			isa = XCBuildConfiguration;
			baseConfigurationReference = 1651656BA8381E35829DD90E /* Pods-SwiftTipsDemo.debug.xcconfig */;
			buildSettings = {
				ASSETCATALOG_COMPILER_APPICON_NAME = AppIcon;
				CODE_SIGN_STYLE = Automatic;
				DEVELOPMENT_TEAM = GFG94CPZ5N;
				INFOPLIST_FILE = SwiftTipsDemo/Info.plist;
				LD_RUNPATH_SEARCH_PATHS = (
					"$(inherited)",
					"@executable_path/Frameworks",
				);
				PRODUCT_BUNDLE_IDENTIFIER = io.github.darielchen.SwiftTipsDemo;
				PRODUCT_NAME = "$(TARGET_NAME)";
				SWIFT_VERSION = 4.2;
				TARGETED_DEVICE_FAMILY = "1,2";
			};
			name = Debug;
		};
		156787C1215DC79800AE6F31 /* Release */ = {
			isa = XCBuildConfiguration;
			baseConfigurationReference = 5859E189745EF772CC73CF55 /* Pods-SwiftTipsDemo.release.xcconfig */;
			buildSettings = {
				ASSETCATALOG_COMPILER_APPICON_NAME = AppIcon;
				CODE_SIGN_STYLE = Automatic;
				DEVELOPMENT_TEAM = GFG94CPZ5N;
				INFOPLIST_FILE = SwiftTipsDemo/Info.plist;
				LD_RUNPATH_SEARCH_PATHS = (
					"$(inherited)",
					"@executable_path/Frameworks",
				);
				PRODUCT_BUNDLE_IDENTIFIER = io.github.darielchen.SwiftTipsDemo;
				PRODUCT_NAME = "$(TARGET_NAME)";
				SWIFT_VERSION = 4.2;
				TARGETED_DEVICE_FAMILY = "1,2";
			};
			name = Release;
		};
/* End XCBuildConfiguration section */

/* Begin XCConfigurationList section */
		156787A8215DC79600AE6F31 /* Build configuration list for PBXProject "SwiftTipsDemo" */ = {
			isa = XCConfigurationList;
			buildConfigurations = (
				156787BD215DC79800AE6F31 /* Debug */,
				156787BE215DC79800AE6F31 /* Release */,
			);
			defaultConfigurationIsVisible = 0;
			defaultConfigurationName = Release;
		};
		156787BF215DC79800AE6F31 /* Build configuration list for PBXNativeTarget "SwiftTipsDemo" */ = {
			isa = XCConfigurationList;
			buildConfigurations = (
				156787C0215DC79800AE6F31 /* Debug */,
				156787C1215DC79800AE6F31 /* Release */,
			);
			defaultConfigurationIsVisible = 0;
			defaultConfigurationName = Release;
		};
/* End XCConfigurationList section */
	};
	rootObject = 156787A5215DC79600AE6F31 /* Project object */;
}
