// !$*UTF8*$!
{
	archiveVersion = 1;
	classes = {
	};
	objectVersion = 50;
	objects = {

/* Begin PBXBuildFile section */
		156787B1215DC79600AE6F31 /* AppDelegate.swift in Sources */ = {isa = PBXBuildFile; fileRef = 156787B0215DC79600AE6F31 /* AppDelegate.swift */; };
		156787B3215DC79600AE6F31 /* ViewController.swift in Sources */ = {isa = PBXBuildFile; fileRef = 156787B2215DC79600AE6F31 /* ViewController.swift */; };
		156787B6215DC79600AE6F31 /* Main.storyboard in Resources */ = {isa = PBXBuildFile; fileRef = 156787B4215DC79600AE6F31 /* Main.storyboard */; };
		156787B8215DC79800AE6F31 /* Assets.xcassets in Resources */ = {isa = PBXBuildFile; fileRef = 156787B7215DC79800AE6F31 /* Assets.xcassets */; };
		156787BB215DC79800AE6F31 /* LaunchScreen.storyboard in Resources */ = {isa = PBXBuildFile; fileRef = 156787B9215DC79800AE6F31 /* LaunchScreen.storyboard */; };
		15E04D7421606D1C007D1AF9 /* DCTool.swift in Sources */ = {isa = PBXBuildFile; fileRef = 15E04D7321606D1C007D1AF9 /* DCTool.swift */; };
/* End PBXBuildFile section */

/* Begin PBXFileReference section */
		156787AD215DC79600AE6F31 /* SwiftTipsDemo.app */ = {isa = PBXFileReference; explicitFileType = wrapper.application; includeInIndex = 0; path = SwiftTipsDemo.app; sourceTree = BUILT_PRODUCTS_DIR; };
		156787B0215DC79600AE6F31 /* AppDelegate.swift */ = {isa = PBXFileReference; lastKnownFileType = sourcecode.swift; path = AppDelegate.swift; sourceTree = "<group>"; };
		156787B2215DC79600AE6F31 /* ViewController.swift */ = {isa = PBXFileReference; lastKnownFileType = sourcecode.swift; path = ViewController.swift; sourceTree = "<group>"; };
		156787B5215DC79600AE6F31 /* Base */ = {isa = PBXFileReference; lastKnownFileType = file.storyboard; name = Base; path = Base.lproj/Main.storyboard; sourceTree = "<group>"; };
		156787B7215DC79800AE6F31 /* Assets.xcassets */ = {isa = PBXFileReference; lastKnownFileType = folder.assetcatalog; path = Assets.xcassets; sourceTree = "<group>"; };
		156787BA215DC79800AE6F31 /* Base */ = {isa = PBXFileReference; lastKnownFileType = file.storyboard; name = Base; path = Base.lproj/LaunchScreen.storyboard; sourceTree = "<group>"; };
		156787BC215DC79800AE6F31 /* Info.plist */ = {isa = PBXFileReference; lastKnownFileType = text.plist.xml; path = Info.plist; sourceTree = "<group>"; };
		15E04D7321606D1C007D1AF9 /* DCTool.swift */ = {isa = PBXFileReference; lastKnownFileType = sourcecode.swift; path = DCTool.swift; sourceTree = "<group>"; };
/* End PBXFileReference section */

/* Begin PBXFrameworksBuildPhase section */
		156787AA215DC79600AE6F31 /* Frameworks */ = {
			isa = PBXFrameworksBuildPhase;
			buildActionMask = 2147483647;
			files = (
			);
			runOnlyForDeploymentPostprocessing = 0;
		};
/* End PBXFrameworksBuildPhase section */

/* Begin PBXGroup section */
		156787A4215DC79600AE6F31 = {
			isa = PBXGroup;
			children = (
				156787AF215DC79600AE6F31 /* SwiftTipsDemo */,
				156787AE215DC79600AE6F31 /* Products */,
			);
			sourceTree = "<group>";
		};
		156787AE215DC79600AE6F31 /* Products */ = {
			isa = PBXGroup;
			children = (
				156787AD215DC79600AE6F31 /* SwiftTipsDemo.app */,
			);
			name = Products;
			sourceTree = "<group>";
		};
		156787AF215DC79600AE6F31 /* SwiftTipsDemo */ = {
			isa = PBXGroup;
			children = (
				15E04D7221606D01007D1AF9 /* DCTool */,
				156787B0215DC79600AE6F31 /* AppDelegate.swift */,
				156787B2215DC79600AE6F31 /* ViewController.swift */,
				156787B4215DC79600AE6F31 /* Main.storyboard */,
				156787B7215DC79800AE6F31 /* Assets.xcassets */,
				156787B9215DC79800AE6F31 /* LaunchScreen.storyboard */,
				156787BC215DC79800AE6F31 /* Info.plist */,
			);
			path = SwiftTipsDemo;
			sourceTree = "<group>";
		};
		15E04D7221606D01007D1AF9 /* DCTool */ = {
			isa = PBXGroup;
			children = (
				15E04D7321606D1C007D1AF9 /* DCTool.swift */,
			);
			path = DCTool;
			sourceTree = SOURCE_ROOT;
		};
/* End PBXGroup section */

/* Begin PBXNativeTarget section */
		156787AC215DC79600AE6F31 /* SwiftTipsDemo */ = {
			isa = PBXNativeTarget;
			buildConfigurationList = 156787BF215DC79800AE6F31 /* Build configuration list for PBXNativeTarget "SwiftTipsDemo" */;
			buildPhases = (
				156787A9215DC79600AE6F31 /* Sources */,
				156787AA215DC79600AE6F31 /* Frameworks */,
				156787AB215DC79600AE6F31 /* Resources */,
			);
			buildRules = (
			);
			dependencies = (
			);
			name = SwiftTipsDemo;
			productName = SwiftTipsDemo;
			productReference = 156787AD215DC79600AE6F31 /* SwiftTipsDemo.app */;
			productType = "com.apple.product-type.application";
		};
/* End PBXNativeTarget section */

/* Begin PBXProject section */
		156787A5215DC79600AE6F31 /* Project object */ = {
			isa = PBXProject;
			attributes = {
				LastSwiftUpdateCheck = 1000;
				LastUpgradeCheck = 1000;
				ORGANIZATIONNAME = Dariel;
				TargetAttributes = {
					156787AC215DC79600AE6F31 = {
						CreatedOnToolsVersion = 10.0;
					};
				};
			};
			buildConfigurationList = 156787A8215DC79600AE6F31 /* Build configuration list for PBXProject "SwiftTipsDemo" */;
			compatibilityVersion = "Xcode 9.3";
			developmentRegion = en;
			hasScannedForEncodings = 0;
			knownRegions = (
				en,
				Base,
			);
			mainGroup = 156787A4215DC79600AE6F31;
			productRefGroup = 156787AE215DC79600AE6F31 /* Products */;
			projectDirPath = "";
			projectRoot = "";
			targets = (
				156787AC215DC79600AE6F31 /* SwiftTipsDemo */,
			);
		};
/* End PBXProject section */

/* Begin PBXResourcesBuildPhase section */
		156787AB215DC79600AE6F31 /* Resources */ = {
			isa = PBXResourcesBuildPhase;
			buildActionMask = 2147483647;
			files = (
				156787BB215DC79800AE6F31 /* LaunchScreen.storyboard in Resources */,
				156787B8215DC79800AE6F31 /* Assets.xcassets in Resources */,
				156787B6215DC79600AE6F31 /* Main.storyboard in Resources */,
			);
			runOnlyForDeploymentPostprocessing = 0;
		};
/* End PBXResourcesBuildPhase section */

/* Begin PBXSourcesBuildPhase section */
		156787A9215DC79600AE6F31 /* Sources */ = {
			isa = PBXSourcesBuildPhase;
			buildActionMask = 2147483647;
			files = (
				15E04D7421606D1C007D1AF9 /* DCTool.swift in Sources */,
				156787B3215DC79600AE6F31 /* ViewController.swift in Sources */,
				156787B1215DC79600AE6F31 /* AppDelegate.swift in Sources */,
			);
			runOnlyForDeploymentPostprocessing = 0;
		};
/* End PBXSourcesBuildPhase section */

/* Begin PBXVariantGroup section */
		156787B4215DC79600AE6F31 /* Main.storyboard */ = {
			isa = PBXVariantGroup;
			children = (
				156787B5215DC79600AE6F31 /* Base */,
			);
			name = Main.storyboard;
			sourceTree = "<group>";
		};
		156787B9215DC79800AE6F31 /* LaunchScreen.storyboard */ = {
			isa = PBXVariantGroup;
			children = (
				156787BA215DC79800AE6F31 /* Base */,
			);
			name = LaunchScreen.storyboard;
			sourceTree = "<group>";
		};
/* End PBXVariantGroup section */

/* Begin XCBuildConfiguration section */
		156787BD215DC79800AE6F31 /* Debug */ = {
			isa = XCBuildConfiguration;
			buildSettings = {
				ALWAYS_SEARCH_USER_PATHS = NO;
				CLANG_ANALYZER_NONNULL = YES;
				CLANG_ANALYZER_NUMBER_OBJECT_CONVERSION = YES_AGGRESSIVE;
				CLANG_CXX_LANGUAGE_STANDARD = "gnu++14";
				CLANG_CXX_LIBRARY = "libc++";
				CLANG_ENABLE_MODULES = YES;
				CLANG_ENABLE_OBJC_ARC = YES;
				CLANG_ENABLE_OBJC_WEAK = YES;
				CLANG_WARN_BLOCK_CAPTURE_AUTORELEASING = YES;
				CLANG_WARN_BOOL_CONVERSION = YES;
				CLANG_WARN_COMMA = YES;
				CLANG_WARN_CONSTANT_CONVERSION = YES;
				CLANG_WARN_DEPRECATED_OBJC_IMPLEMENTATIONS = YES;
				CLANG_WARN_DIRECT_OBJC_ISA_USAGE = YES_ERROR;
				CLANG_WARN_DOCUMENTATION_COMMENTS = YES;
				CLANG_WARN_EMPTY_BODY = YES;
				CLANG_WARN_ENUM_CONVERSION = YES;
				CLANG_WARN_INFINITE_RECURSION = YES;
				CLANG_WARN_INT_CONVERSION = YES;
				CLANG_WARN_NON_LITERAL_NULL_CONVERSION = YES;
				CLANG_WARN_OBJC_IMPLICIT_RETAIN_SELF = YES;
				CLANG_WARN_OBJC_LITERAL_CONVERSION = YES;
				CLANG_WARN_OBJC_ROOT_CLASS = YES_ERROR;
				CLANG_WARN_RANGE_LOOP_ANALYSIS = YES;
				CLANG_WARN_STRICT_PROTOTYPES = YES;
				CLANG_WARN_SUSPICIOUS_MOVE = YES;
				CLANG_WARN_UNGUARDED_AVAILABILITY = YES_AGGRESSIVE;
				CLANG_WARN_UNREACHABLE_CODE = YES;
				CLANG_WARN__DUPLICATE_METHOD_MATCH = YES;
				CODE_SIGN_IDENTITY = "iPhone Developer";
				COPY_PHASE_STRIP = NO;
				DEBUG_INFORMATION_FORMAT = dwarf;
				ENABLE_STRICT_OBJC_MSGSEND = YES;
				ENABLE_TESTABILITY = YES;
				GCC_C_LANGUAGE_STANDARD = gnu11;
				GCC_DYNAMIC_NO_PIC = NO;
				GCC_NO_COMMON_BLOCKS = YES;
				GCC_OPTIMIZATION_LEVEL = 0;
				GCC_PREPROCESSOR_DEFINITIONS = (
					"DEBUG=1",
					"$(inherited)",
				);
				GCC_WARN_64_TO_32_BIT_CONVERSION = YES;
				GCC_WARN_ABOUT_RETURN_TYPE = YES_ERROR;
				GCC_WARN_UNDECLARED_SELECTOR = YES;
				GCC_WARN_UNINITIALIZED_AUTOS = YES_AGGRESSIVE;
				GCC_WARN_UNUSED_FUNCTION = YES;
				GCC_WARN_UNUSED_VARIABLE = YES;
				IPHONEOS_DEPLOYMENT_TARGET = 12.0;
				MTL_ENABLE_DEBUG_INFO = INCLUDE_SOURCE;
				MTL_FAST_MATH = YES;
				ONLY_ACTIVE_ARCH = YES;
				SDKROOT = iphoneos;
				SWIFT_ACTIVE_COMPILATION_CONDITIONS = DEBUG;
				SWIFT_OPTIMIZATION_LEVEL = "-Onone";
			};
			name = Debug;
		};
		156787BE215DC79800AE6F31 /* Release */ = {
			isa = XCBuildConfiguration;
			buildSettings = {
				ALWAYS_SEARCH_USER_PATHS = NO;
				CLANG_ANALYZER_NONNULL = YES;
				CLANG_ANALYZER_NUMBER_OBJECT_CONVERSION = YES_AGGRESSIVE;
				CLANG_CXX_LANGUAGE_STANDARD = "gnu++14";
				CLANG_CXX_LIBRARY = "libc++";
				CLANG_ENABLE_MODULES = YES;
				CLANG_ENABLE_OBJC_ARC = YES;
				CLANG_ENABLE_OBJC_WEAK = YES;
				CLANG_WARN_BLOCK_CAPTURE_AUTORELEASING = YES;
				CLANG_WARN_BOOL_CONVERSION = YES;
				CLANG_WARN_COMMA = YES;
				CLANG_WARN_CONSTANT_CONVERSION = YES;
				CLANG_WARN_DEPRECATED_OBJC_IMPLEMENTATIONS = YES;
				CLANG_WARN_DIRECT_OBJC_ISA_USAGE = YES_ERROR;
				CLANG_WARN_DOCUMENTATION_COMMENTS = YES;
				CLANG_WARN_EMPTY_BODY = YES;
				CLANG_WARN_ENUM_CONVERSION = YES;
				CLANG_WARN_INFINITE_RECURSION = YES;
				CLANG_WARN_INT_CONVERSION = YES;
				CLANG_WARN_NON_LITERAL_NULL_CONVERSION = YES;
				CLANG_WARN_OBJC_IMPLICIT_RETAIN_SELF = YES;
				CLANG_WARN_OBJC_LITERAL_CONVERSION = YES;
				CLANG_WARN_OBJC_ROOT_CLASS = YES_ERROR;
				CLANG_WARN_RANGE_LOOP_ANALYSIS = YES;
				CLANG_WARN_STRICT_PROTOTYPES = YES;
				CLANG_WARN_SUSPICIOUS_MOVE = YES;
				CLANG_WARN_UNGUARDED_AVAILABILITY = YES_AGGRESSIVE;
				CLANG_WARN_UNREACHABLE_CODE = YES;
				CLANG_WARN__DUPLICATE_METHOD_MATCH = YES;
				CODE_SIGN_IDENTITY = "iPhone Developer";
				COPY_PHASE_STRIP = NO;
				DEBUG_INFORMATION_FORMAT = "dwarf-with-dsym";
				ENABLE_NS_ASSERTIONS = NO;
				ENABLE_STRICT_OBJC_MSGSEND = YES;
				GCC_C_LANGUAGE_STANDARD = gnu11;
				GCC_NO_COMMON_BLOCKS = YES;
				GCC_WARN_64_TO_32_BIT_CONVERSION = YES;
				GCC_WARN_ABOUT_RETURN_TYPE = YES_ERROR;
				GCC_WARN_UNDECLARED_SELECTOR = YES;
				GCC_WARN_UNINITIALIZED_AUTOS = YES_AGGRESSIVE;
				GCC_WARN_UNUSED_FUNCTION = YES;
				GCC_WARN_UNUSED_VARIABLE = YES;
				IPHONEOS_DEPLOYMENT_TARGET = 12.0;
				MTL_ENABLE_DEBUG_INFO = NO;
				MTL_FAST_MATH = YES;
				SDKROOT = iphoneos;
				SWIFT_COMPILATION_MODE = wholemodule;
				SWIFT_OPTIMIZATION_LEVEL = "-O";
				VALIDATE_PRODUCT = YES;
			};
			name = Release;
		};
		156787C0215DC79800AE6F31 /* Debug */ = {
			isa = XCBuildConfiguration;
			buildSettings = {
				ASSETCATALOG_COMPILER_APPICON_NAME = AppIcon;
				CODE_SIGN_STYLE = Automatic;
				DEVELOPMENT_TEAM = GFG94CPZ5N;
				INFOPLIST_FILE = SwiftTipsDemo/Info.plist;
				LD_RUNPATH_SEARCH_PATHS = (
					"$(inherited)",
					"@executable_path/Frameworks",
				);
				PRODUCT_BUNDLE_IDENTIFIER = io.github.darielchen.SwiftTipsDemo;
				PRODUCT_NAME = "$(TARGET_NAME)";
				SWIFT_VERSION = 4.2;
				TARGETED_DEVICE_FAMILY = "1,2";
			};
			name = Debug;
		};
		156787C1215DC79800AE6F31 /* Release */ = {
			isa = XCBuildConfiguration;
			buildSettings = {
				ASSETCATALOG_COMPILER_APPICON_NAME = AppIcon;
				CODE_SIGN_STYLE = Automatic;
				DEVELOPMENT_TEAM = GFG94CPZ5N;
				INFOPLIST_FILE = SwiftTipsDemo/Info.plist;
				LD_RUNPATH_SEARCH_PATHS = (
					"$(inherited)",
					"@executable_path/Frameworks",
				);
				PRODUCT_BUNDLE_IDENTIFIER = io.github.darielchen.SwiftTipsDemo;
				PRODUCT_NAME = "$(TARGET_NAME)";
				SWIFT_VERSION = 4.2;
				TARGETED_DEVICE_FAMILY = "1,2";
			};
			name = Release;
		};
/* End XCBuildConfiguration section */

/* Begin XCConfigurationList section */
		156787A8215DC79600AE6F31 /* Build configuration list for PBXProject "SwiftTipsDemo" */ = {
			isa = XCConfigurationList;
			buildConfigurations = (
				156787BD215DC79800AE6F31 /* Debug */,
				156787BE215DC79800AE6F31 /* Release */,
			);
			defaultConfigurationIsVisible = 0;
			defaultConfigurationName = Release;
		};
		156787BF215DC79800AE6F31 /* Build configuration list for PBXNativeTarget "SwiftTipsDemo" */ = {
			isa = XCConfigurationList;
			buildConfigurations = (
				156787C0215DC79800AE6F31 /* Debug */,
				156787C1215DC79800AE6F31 /* Release */,
			);
			defaultConfigurationIsVisible = 0;
			defaultConfigurationName = Release;
		};
/* End XCConfigurationList section */
	};
	rootObject = 156787A5215DC79600AE6F31 /* Project object */;
}
