// !$*UTF8*$!
{
	archiveVersion = 1;
	classes = {
	};
	objectVersion = 50;
	objects = {

/* Begin PBXBuildFile section */
		158FCD6E21706A610067A406 /* AppDelegate.swift in Sources */ = {isa = PBXBuildFile; fileRef = 158FCD6D21706A610067A406 /* AppDelegate.swift */; };
		158FCD7021706A610067A406 /* ViewController.swift in Sources */ = {isa = PBXBuildFile; fileRef = 158FCD6F21706A610067A406 /* ViewController.swift */; };
		158FCD7321706A610067A406 /* Main.storyboard in Resources */ = {isa = PBXBuildFile; fileRef = 158FCD7121706A610067A406 /* Main.storyboard */; };
		158FCD7521706A640067A406 /* Assets.xcassets in Resources */ = {isa = PBXBuildFile; fileRef = 158FCD7421706A640067A406 /* Assets.xcassets */; };
		158FCD7821706A640067A406 /* LaunchScreen.storyboard in Resources */ = {isa = PBXBuildFile; fileRef = 158FCD7621706A640067A406 /* LaunchScreen.storyboard */; };
		158FCD8021706C9A0067A406 /* TableViewAnimator.swift in Sources */ = {isa = PBXBuildFile; fileRef = 158FCD7F21706C9A0067A406 /* TableViewAnimator.swift */; };
		158FCD8221706D480067A406 /* UITableView+Extension.swift in Sources */ = {isa = PBXBuildFile; fileRef = 158FCD8121706D480067A406 /* UITableView+Extension.swift */; };
/* End PBXBuildFile section */

/* Begin PBXFileReference section */
		158FCD6A21706A610067A406 /* TableViewRefreshAnimation.app */ = {isa = PBXFileReference; explicitFileType = wrapper.application; includeInIndex = 0; path = TableViewRefreshAnimation.app; sourceTree = BUILT_PRODUCTS_DIR; };
		158FCD6D21706A610067A406 /* AppDelegate.swift */ = {isa = PBXFileReference; lastKnownFileType = sourcecode.swift; path = AppDelegate.swift; sourceTree = "<group>"; };
		158FCD6F21706A610067A406 /* ViewController.swift */ = {isa = PBXFileReference; lastKnownFileType = sourcecode.swift; path = ViewController.swift; sourceTree = "<group>"; };
		158FCD7221706A610067A406 /* Base */ = {isa = PBXFileReference; lastKnownFileType = file.storyboard; name = Base; path = Base.lproj/Main.storyboard; sourceTree = "<group>"; };
		158FCD7421706A640067A406 /* Assets.xcassets */ = {isa = PBXFileReference; lastKnownFileType = folder.assetcatalog; path = Assets.xcassets; sourceTree = "<group>"; };
		158FCD7721706A640067A406 /* Base */ = {isa = PBXFileReference; lastKnownFileType = file.storyboard; name = Base; path = Base.lproj/LaunchScreen.storyboard; sourceTree = "<group>"; };
		158FCD7921706A640067A406 /* Info.plist */ = {isa = PBXFileReference; lastKnownFileType = text.plist.xml; path = Info.plist; sourceTree = "<group>"; };
		158FCD7F21706C9A0067A406 /* TableViewAnimator.swift */ = {isa = PBXFileReference; lastKnownFileType = sourcecode.swift; path = TableViewAnimator.swift; sourceTree = "<group>"; };
		158FCD8121706D480067A406 /* UITableView+Extension.swift */ = {isa = PBXFileReference; lastKnownFileType = sourcecode.swift; path = "UITableView+Extension.swift"; sourceTree = "<group>"; };
/* End PBXFileReference section */

/* Begin PBXFrameworksBuildPhase section */
		158FCD6721706A610067A406 /* Frameworks */ = {
			isa = PBXFrameworksBuildPhase;
			buildActionMask = 2147483647;
			files = (
			);
			runOnlyForDeploymentPostprocessing = 0;
		};
/* End PBXFrameworksBuildPhase section */

/* Begin PBXGroup section */
		158FCD6121706A610067A406 = {
			isa = PBXGroup;
			children = (
				158FCD6C21706A610067A406 /* TableViewRefreshAnimation */,
				158FCD6B21706A610067A406 /* Products */,
			);
			sourceTree = "<group>";
		};
		158FCD6B21706A610067A406 /* Products */ = {
			isa = PBXGroup;
			children = (
				158FCD6A21706A610067A406 /* TableViewRefreshAnimation.app */,
			);
			name = Products;
			sourceTree = "<group>";
		};
		158FCD6C21706A610067A406 /* TableViewRefreshAnimation */ = {
			isa = PBXGroup;
			children = (
				158FCD6D21706A610067A406 /* AppDelegate.swift */,
				158FCD6F21706A610067A406 /* ViewController.swift */,
				158FCD7F21706C9A0067A406 /* TableViewAnimator.swift */,
				158FCD7121706A610067A406 /* Main.storyboard */,
				158FCD7421706A640067A406 /* Assets.xcassets */,
				158FCD7621706A640067A406 /* LaunchScreen.storyboard */,
				158FCD7921706A640067A406 /* Info.plist */,
				158FCD8121706D480067A406 /* UITableView+Extension.swift */,
			);
			path = TableViewRefreshAnimation;
			sourceTree = "<group>";
		};
/* End PBXGroup section */

/* Begin PBXNativeTarget section */
		158FCD6921706A610067A406 /* TableViewRefreshAnimation */ = {
			isa = PBXNativeTarget;
			buildConfigurationList = 158FCD7C21706A640067A406 /* Build configuration list for PBXNativeTarget "TableViewRefreshAnimation" */;
			buildPhases = (
				158FCD6621706A610067A406 /* Sources */,
				158FCD6721706A610067A406 /* Frameworks */,
				158FCD6821706A610067A406 /* Resources */,
			);
			buildRules = (
			);
			dependencies = (
			);
			name = TableViewRefreshAnimation;
			productName = TableViewRefreshAnimation;
			productReference = 158FCD6A21706A610067A406 /* TableViewRefreshAnimation.app */;
			productType = "com.apple.product-type.application";
		};
/* End PBXNativeTarget section */

/* Begin PBXProject section */
		158FCD6221706A610067A406 /* Project object */ = {
			isa = PBXProject;
			attributes = {
				LastSwiftUpdateCheck = 1000;
				LastUpgradeCheck = 1000;
				ORGANIZATIONNAME = Dariel;
				TargetAttributes = {
					158FCD6921706A610067A406 = {
						CreatedOnToolsVersion = 10.0;
					};
				};
			};
			buildConfigurationList = 158FCD6521706A610067A406 /* Build configuration list for PBXProject "TableViewRefreshAnimation" */;
			compatibilityVersion = "Xcode 9.3";
			developmentRegion = en;
			hasScannedForEncodings = 0;
			knownRegions = (
				en,
				Base,
			);
			mainGroup = 158FCD6121706A610067A406;
			productRefGroup = 158FCD6B21706A610067A406 /* Products */;
			projectDirPath = "";
			projectRoot = "";
			targets = (
				158FCD6921706A610067A406 /* TableViewRefreshAnimation */,
			);
		};
/* End PBXProject section */

/* Begin PBXResourcesBuildPhase section */
		158FCD6821706A610067A406 /* Resources */ = {
			isa = PBXResourcesBuildPhase;
			buildActionMask = 2147483647;
			files = (
				158FCD7821706A640067A406 /* LaunchScreen.storyboard in Resources */,
				158FCD7521706A640067A406 /* Assets.xcassets in Resources */,
				158FCD7321706A610067A406 /* Main.storyboard in Resources */,
			);
			runOnlyForDeploymentPostprocessing = 0;
		};
/* End PBXResourcesBuildPhase section */

/* Begin PBXSourcesBuildPhase section */
		158FCD6621706A610067A406 /* Sources */ = {
			isa = PBXSourcesBuildPhase;
			buildActionMask = 2147483647;
			files = (
				158FCD8021706C9A0067A406 /* TableViewAnimator.swift in Sources */,
				158FCD7021706A610067A406 /* ViewController.swift in Sources */,
				158FCD6E21706A610067A406 /* AppDelegate.swift in Sources */,
				158FCD8221706D480067A406 /* UITableView+Extension.swift in Sources */,
			);
			runOnlyForDeploymentPostprocessing = 0;
		};
/* End PBXSourcesBuildPhase section */

/* Begin PBXVariantGroup section */
		158FCD7121706A610067A406 /* Main.storyboard */ = {
			isa = PBXVariantGroup;
			children = (
				158FCD7221706A610067A406 /* Base */,
			);
			name = Main.storyboard;
			sourceTree = "<group>";
		};
		158FCD7621706A640067A406 /* LaunchScreen.storyboard */ = {
			isa = PBXVariantGroup;
			children = (
				158FCD7721706A640067A406 /* Base */,
			);
			name = LaunchScreen.storyboard;
			sourceTree = "<group>";
		};
/* End PBXVariantGroup section */

/* Begin XCBuildConfiguration section */
		158FCD7A21706A640067A406 /* Debug */ = {
			isa = XCBuildConfiguration;
			buildSettings = {
				ALWAYS_SEARCH_USER_PATHS = NO;
				CLANG_ANALYZER_NONNULL = YES;
				CLANG_ANALYZER_NUMBER_OBJECT_CONVERSION = YES_AGGRESSIVE;
				CLANG_CXX_LANGUAGE_STANDARD = "gnu++14";
				CLANG_CXX_LIBRARY = "libc++";
				CLANG_ENABLE_MODULES = YES;
				CLANG_ENABLE_OBJC_ARC = YES;
				CLANG_ENABLE_OBJC_WEAK = YES;
				CLANG_WARN_BLOCK_CAPTURE_AUTORELEASING = YES;
				CLANG_WARN_BOOL_CONVERSION = YES;
				CLANG_WARN_COMMA = YES;
				CLANG_WARN_CONSTANT_CONVERSION = YES;
				CLANG_WARN_DEPRECATED_OBJC_IMPLEMENTATIONS = YES;
				CLANG_WARN_DIRECT_OBJC_ISA_USAGE = YES_ERROR;
				CLANG_WARN_DOCUMENTATION_COMMENTS = YES;
				CLANG_WARN_EMPTY_BODY = YES;
				CLANG_WARN_ENUM_CONVERSION = YES;
				CLANG_WARN_INFINITE_RECURSION = YES;
				CLANG_WARN_INT_CONVERSION = YES;
				CLANG_WARN_NON_LITERAL_NULL_CONVERSION = YES;
				CLANG_WARN_OBJC_IMPLICIT_RETAIN_SELF = YES;
				CLANG_WARN_OBJC_LITERAL_CONVERSION = YES;
				CLANG_WARN_OBJC_ROOT_CLASS = YES_ERROR;
				CLANG_WARN_RANGE_LOOP_ANALYSIS = YES;
				CLANG_WARN_STRICT_PROTOTYPES = YES;
				CLANG_WARN_SUSPICIOUS_MOVE = YES;
				CLANG_WARN_UNGUARDED_AVAILABILITY = YES_AGGRESSIVE;
				CLANG_WARN_UNREACHABLE_CODE = YES;
				CLANG_WARN__DUPLICATE_METHOD_MATCH = YES;
				CODE_SIGN_IDENTITY = "iPhone Developer";
				COPY_PHASE_STRIP = NO;
				DEBUG_INFORMATION_FORMAT = dwarf;
				ENABLE_STRICT_OBJC_MSGSEND = YES;
				ENABLE_TESTABILITY = YES;
				GCC_C_LANGUAGE_STANDARD = gnu11;
				GCC_DYNAMIC_NO_PIC = NO;
				GCC_NO_COMMON_BLOCKS = YES;
				GCC_OPTIMIZATION_LEVEL = 0;
				GCC_PREPROCESSOR_DEFINITIONS = (
					"DEBUG=1",
					"$(inherited)",
				);
				GCC_WARN_64_TO_32_BIT_CONVERSION = YES;
				GCC_WARN_ABOUT_RETURN_TYPE = YES_ERROR;
				GCC_WARN_UNDECLARED_SELECTOR = YES;
				GCC_WARN_UNINITIALIZED_AUTOS = YES_AGGRESSIVE;
				GCC_WARN_UNUSED_FUNCTION = YES;
				GCC_WARN_UNUSED_VARIABLE = YES;
				IPHONEOS_DEPLOYMENT_TARGET = 12.0;
				MTL_ENABLE_DEBUG_INFO = INCLUDE_SOURCE;
				MTL_FAST_MATH = YES;
				ONLY_ACTIVE_ARCH = YES;
				SDKROOT = iphoneos;
				SWIFT_ACTIVE_COMPILATION_CONDITIONS = DEBUG;
				SWIFT_OPTIMIZATION_LEVEL = "-Onone";
			};
			name = Debug;
		};
		158FCD7B21706A640067A406 /* Release */ = {
			isa = XCBuildConfiguration;
			buildSettings = {
				ALWAYS_SEARCH_USER_PATHS = NO;
				CLANG_ANALYZER_NONNULL = YES;
				CLANG_ANALYZER_NUMBER_OBJECT_CONVERSION = YES_AGGRESSIVE;
				CLANG_CXX_LANGUAGE_STANDARD = "gnu++14";
				CLANG_CXX_LIBRARY = "libc++";
				CLANG_ENABLE_MODULES = YES;
				CLANG_ENABLE_OBJC_ARC = YES;
				CLANG_ENABLE_OBJC_WEAK = YES;
				CLANG_WARN_BLOCK_CAPTURE_AUTORELEASING = YES;
				CLANG_WARN_BOOL_CONVERSION = YES;
				CLANG_WARN_COMMA = YES;
				CLANG_WARN_CONSTANT_CONVERSION = YES;
				CLANG_WARN_DEPRECATED_OBJC_IMPLEMENTATIONS = YES;
				CLANG_WARN_DIRECT_OBJC_ISA_USAGE = YES_ERROR;
				CLANG_WARN_DOCUMENTATION_COMMENTS = YES;
				CLANG_WARN_EMPTY_BODY = YES;
				CLANG_WARN_ENUM_CONVERSION = YES;
				CLANG_WARN_INFINITE_RECURSION = YES;
				CLANG_WARN_INT_CONVERSION = YES;
				CLANG_WARN_NON_LITERAL_NULL_CONVERSION = YES;
				CLANG_WARN_OBJC_IMPLICIT_RETAIN_SELF = YES;
				CLANG_WARN_OBJC_LITERAL_CONVERSION = YES;
				CLANG_WARN_OBJC_ROOT_CLASS = YES_ERROR;
				CLANG_WARN_RANGE_LOOP_ANALYSIS = YES;
				CLANG_WARN_STRICT_PROTOTYPES = YES;
				CLANG_WARN_SUSPICIOUS_MOVE = YES;
				CLANG_WARN_UNGUARDED_AVAILABILITY = YES_AGGRESSIVE;
				CLANG_WARN_UNREACHABLE_CODE = YES;
				CLANG_WARN__DUPLICATE_METHOD_MATCH = YES;
				CODE_SIGN_IDENTITY = "iPhone Developer";
				COPY_PHASE_STRIP = NO;
				DEBUG_INFORMATION_FORMAT = "dwarf-with-dsym";
				ENABLE_NS_ASSERTIONS = NO;
				ENABLE_STRICT_OBJC_MSGSEND = YES;
				GCC_C_LANGUAGE_STANDARD = gnu11;
				GCC_NO_COMMON_BLOCKS = YES;
				GCC_WARN_64_TO_32_BIT_CONVERSION = YES;
				GCC_WARN_ABOUT_RETURN_TYPE = YES_ERROR;
				GCC_WARN_UNDECLARED_SELECTOR = YES;
				GCC_WARN_UNINITIALIZED_AUTOS = YES_AGGRESSIVE;
				GCC_WARN_UNUSED_FUNCTION = YES;
				GCC_WARN_UNUSED_VARIABLE = YES;
				IPHONEOS_DEPLOYMENT_TARGET = 12.0;
				MTL_ENABLE_DEBUG_INFO = NO;
				MTL_FAST_MATH = YES;
				SDKROOT = iphoneos;
				SWIFT_COMPILATION_MODE = wholemodule;
				SWIFT_OPTIMIZATION_LEVEL = "-O";
				VALIDATE_PRODUCT = YES;
			};
			name = Release;
		};
		158FCD7D21706A640067A406 /* Debug */ = {
			isa = XCBuildConfiguration;
			buildSettings = {
				ASSETCATALOG_COMPILER_APPICON_NAME = AppIcon;
				CODE_SIGN_STYLE = Automatic;
				DEVELOPMENT_TEAM = GFG94CPZ5N;
				INFOPLIST_FILE = TableViewRefreshAnimation/Info.plist;
				LD_RUNPATH_SEARCH_PATHS = (
					"$(inherited)",
					"@executable_path/Frameworks",
				);
				PRODUCT_BUNDLE_IDENTIFIER = io.github.darielchen.TableViewRefreshAnimation;
				PRODUCT_NAME = "$(TARGET_NAME)";
				SWIFT_VERSION = 4.2;
				TARGETED_DEVICE_FAMILY = "1,2";
			};
			name = Debug;
		};
		158FCD7E21706A640067A406 /* Release */ = {
			isa = XCBuildConfiguration;
			buildSettings = {
				ASSETCATALOG_COMPILER_APPICON_NAME = AppIcon;
				CODE_SIGN_STYLE = Automatic;
				DEVELOPMENT_TEAM = GFG94CPZ5N;
				INFOPLIST_FILE = TableViewRefreshAnimation/Info.plist;
				LD_RUNPATH_SEARCH_PATHS = (
					"$(inherited)",
					"@executable_path/Frameworks",
				);
				PRODUCT_BUNDLE_IDENTIFIER = io.github.darielchen.TableViewRefreshAnimation;
				PRODUCT_NAME = "$(TARGET_NAME)";
				SWIFT_VERSION = 4.2;
				TARGETED_DEVICE_FAMILY = "1,2";
			};
			name = Release;
		};
/* End XCBuildConfiguration section */

/* Begin XCConfigurationList section */
		158FCD6521706A610067A406 /* Build configuration list for PBXProject "TableViewRefreshAnimation" */ = {
			isa = XCConfigurationList;
			buildConfigurations = (
				158FCD7A21706A640067A406 /* Debug */,
				158FCD7B21706A640067A406 /* Release */,
			);
			defaultConfigurationIsVisible = 0;
			defaultConfigurationName = Release;
		};
		158FCD7C21706A640067A406 /* Build configuration list for PBXNativeTarget "TableViewRefreshAnimation" */ = {
			isa = XCConfigurationList;
			buildConfigurations = (
				158FCD7D21706A640067A406 /* Debug */,
				158FCD7E21706A640067A406 /* Release */,
			);
			defaultConfigurationIsVisible = 0;
			defaultConfigurationName = Release;
		};
/* End XCConfigurationList section */
	};
	rootObject = 158FCD6221706A610067A406 /* Project object */;
}
