// !$*UTF8*$!
{
	archiveVersion = 1;
	classes = {
	};
	objectVersion = 50;
	objects = {

/* Begin PBXBuildFile section */
		151F047B22BA39050029DF7B /* LastViewController.swift in Sources */ = {isa = PBXBuildFile; fileRef = 151F047A22BA39050029DF7B /* LastViewController.swift */; };
		15CC2FBC22BA10E20043A1C1 /* AppDelegate.swift in Sources */ = {isa = PBXBuildFile; fileRef = 15CC2FBB22BA10E20043A1C1 /* AppDelegate.swift */; };
		15CC2FBE22BA10E20043A1C1 /* NavController.swift in Sources */ = {isa = PBXBuildFile; fileRef = 15CC2FBD22BA10E20043A1C1 /* NavController.swift */; };
		15CC2FC122BA10E20043A1C1 /* Main.storyboard in Resources */ = {isa = PBXBuildFile; fileRef = 15CC2FBF22BA10E20043A1C1 /* Main.storyboard */; };
		15CC2FC322BA10E30043A1C1 /* Assets.xcassets in Resources */ = {isa = PBXBuildFile; fileRef = 15CC2FC222BA10E30043A1C1 /* Assets.xcassets */; };
		15CC2FC622BA10E30043A1C1 /* LaunchScreen.storyboard in Resources */ = {isa = PBXBuildFile; fileRef = 15CC2FC422BA10E30043A1C1 /* LaunchScreen.storyboard */; };
		15CC2FCE22BA119A0043A1C1 /* FirstViewController.swift in Sources */ = {isa = PBXBuildFile; fileRef = 15CC2FCD22BA119A0043A1C1 /* FirstViewController.swift */; };
		15CC2FD022BA11AD0043A1C1 /* SecondViewController.swift in Sources */ = {isa = PBXBuildFile; fileRef = 15CC2FCF22BA11AD0043A1C1 /* SecondViewController.swift */; };
/* End PBXBuildFile section */

/* Begin PBXFileReference section */
		151F047A22BA39050029DF7B /* LastViewController.swift */ = {isa = PBXFileReference; lastKnownFileType = sourcecode.swift; path = LastViewController.swift; sourceTree = "<group>"; };
		15CC2FB822BA10E20043A1C1 /* RestoreApp.app */ = {isa = PBXFileReference; explicitFileType = wrapper.application; includeInIndex = 0; path = RestoreApp.app; sourceTree = BUILT_PRODUCTS_DIR; };
		15CC2FBB22BA10E20043A1C1 /* AppDelegate.swift */ = {isa = PBXFileReference; lastKnownFileType = sourcecode.swift; path = AppDelegate.swift; sourceTree = "<group>"; };
		15CC2FBD22BA10E20043A1C1 /* NavController.swift */ = {isa = PBXFileReference; lastKnownFileType = sourcecode.swift; path = NavController.swift; sourceTree = "<group>"; };
		15CC2FC022BA10E20043A1C1 /* Base */ = {isa = PBXFileReference; lastKnownFileType = file.storyboard; name = Base; path = Base.lproj/Main.storyboard; sourceTree = "<group>"; };
		15CC2FC222BA10E30043A1C1 /* Assets.xcassets */ = {isa = PBXFileReference; lastKnownFileType = folder.assetcatalog; path = Assets.xcassets; sourceTree = "<group>"; };
		15CC2FC522BA10E30043A1C1 /* Base */ = {isa = PBXFileReference; lastKnownFileType = file.storyboard; name = Base; path = Base.lproj/LaunchScreen.storyboard; sourceTree = "<group>"; };
		15CC2FC722BA10E30043A1C1 /* Info.plist */ = {isa = PBXFileReference; lastKnownFileType = text.plist.xml; path = Info.plist; sourceTree = "<group>"; };
		15CC2FCD22BA119A0043A1C1 /* FirstViewController.swift */ = {isa = PBXFileReference; lastKnownFileType = sourcecode.swift; path = FirstViewController.swift; sourceTree = "<group>"; };
		15CC2FCF22BA11AD0043A1C1 /* SecondViewController.swift */ = {isa = PBXFileReference; lastKnownFileType = sourcecode.swift; path = SecondViewController.swift; sourceTree = "<group>"; };
/* End PBXFileReference section */

/* Begin PBXFrameworksBuildPhase section */
		15CC2FB522BA10E20043A1C1 /* Frameworks */ = {
			isa = PBXFrameworksBuildPhase;
			buildActionMask = 2147483647;
			files = (
			);
			runOnlyForDeploymentPostprocessing = 0;
		};
/* End PBXFrameworksBuildPhase section */

/* Begin PBXGroup section */
		15CC2FAF22BA10E20043A1C1 = {
			isa = PBXGroup;
			children = (
				15CC2FBA22BA10E20043A1C1 /* RestoreApp */,
				15CC2FB922BA10E20043A1C1 /* Products */,
			);
			sourceTree = "<group>";
		};
		15CC2FB922BA10E20043A1C1 /* Products */ = {
			isa = PBXGroup;
			children = (
				15CC2FB822BA10E20043A1C1 /* RestoreApp.app */,
			);
			name = Products;
			sourceTree = "<group>";
		};
		15CC2FBA22BA10E20043A1C1 /* RestoreApp */ = {
			isa = PBXGroup;
			children = (
				15CC2FBB22BA10E20043A1C1 /* AppDelegate.swift */,
				15CC2FBD22BA10E20043A1C1 /* NavController.swift */,
				15CC2FCD22BA119A0043A1C1 /* FirstViewController.swift */,
				15CC2FCF22BA11AD0043A1C1 /* SecondViewController.swift */,
				151F047A22BA39050029DF7B /* LastViewController.swift */,
				15CC2FBF22BA10E20043A1C1 /* Main.storyboard */,
				15CC2FC222BA10E30043A1C1 /* Assets.xcassets */,
				15CC2FC422BA10E30043A1C1 /* LaunchScreen.storyboard */,
				15CC2FC722BA10E30043A1C1 /* Info.plist */,
			);
			path = RestoreApp;
			sourceTree = "<group>";
		};
/* End PBXGroup section */

/* Begin PBXNativeTarget section */
		15CC2FB722BA10E20043A1C1 /* RestoreApp */ = {
			isa = PBXNativeTarget;
			buildConfigurationList = 15CC2FCA22BA10E30043A1C1 /* Build configuration list for PBXNativeTarget "RestoreApp" */;
			buildPhases = (
				15CC2FB422BA10E20043A1C1 /* Sources */,
				15CC2FB522BA10E20043A1C1 /* Frameworks */,
				15CC2FB622BA10E20043A1C1 /* Resources */,
			);
			buildRules = (
			);
			dependencies = (
			);
			name = RestoreApp;
			productName = RestoreApp;
			productReference = 15CC2FB822BA10E20043A1C1 /* RestoreApp.app */;
			productType = "com.apple.product-type.application";
		};
/* End PBXNativeTarget section */

/* Begin PBXProject section */
		15CC2FB022BA10E20043A1C1 /* Project object */ = {
			isa = PBXProject;
			attributes = {
				LastSwiftUpdateCheck = 1020;
				LastUpgradeCheck = 1020;
				ORGANIZATIONNAME = Dariel;
				TargetAttributes = {
					15CC2FB722BA10E20043A1C1 = {
						CreatedOnToolsVersion = 10.2.1;
					};
				};
			};
			buildConfigurationList = 15CC2FB322BA10E20043A1C1 /* Build configuration list for PBXProject "RestoreApp" */;
			compatibilityVersion = "Xcode 9.3";
			developmentRegion = en;
			hasScannedForEncodings = 0;
			knownRegions = (
				en,
				Base,
			);
			mainGroup = 15CC2FAF22BA10E20043A1C1;
			productRefGroup = 15CC2FB922BA10E20043A1C1 /* Products */;
			projectDirPath = "";
			projectRoot = "";
			targets = (
				15CC2FB722BA10E20043A1C1 /* RestoreApp */,
			);
		};
/* End PBXProject section */

/* Begin PBXResourcesBuildPhase section */
		15CC2FB622BA10E20043A1C1 /* Resources */ = {
			isa = PBXResourcesBuildPhase;
			buildActionMask = 2147483647;
			files = (
				15CC2FC622BA10E30043A1C1 /* LaunchScreen.storyboard in Resources */,
				15CC2FC322BA10E30043A1C1 /* Assets.xcassets in Resources */,
				15CC2FC122BA10E20043A1C1 /* Main.storyboard in Resources */,
			);
			runOnlyForDeploymentPostprocessing = 0;
		};
/* End PBXResourcesBuildPhase section */

/* Begin PBXSourcesBuildPhase section */
		15CC2FB422BA10E20043A1C1 /* Sources */ = {
			isa = PBXSourcesBuildPhase;
			buildActionMask = 2147483647;
			files = (
				15CC2FD022BA11AD0043A1C1 /* SecondViewController.swift in Sources */,
				151F047B22BA39050029DF7B /* LastViewController.swift in Sources */,
				15CC2FCE22BA119A0043A1C1 /* FirstViewController.swift in Sources */,
				15CC2FBE22BA10E20043A1C1 /* NavController.swift in Sources */,
				15CC2FBC22BA10E20043A1C1 /* AppDelegate.swift in Sources */,
			);
			runOnlyForDeploymentPostprocessing = 0;
		};
/* End PBXSourcesBuildPhase section */

/* Begin PBXVariantGroup section */
		15CC2FBF22BA10E20043A1C1 /* Main.storyboard */ = {
			isa = PBXVariantGroup;
			children = (
				15CC2FC022BA10E20043A1C1 /* Base */,
			);
			name = Main.storyboard;
			sourceTree = "<group>";
		};
		15CC2FC422BA10E30043A1C1 /* LaunchScreen.storyboard */ = {
			isa = PBXVariantGroup;
			children = (
				15CC2FC522BA10E30043A1C1 /* Base */,
			);
			name = LaunchScreen.storyboard;
			sourceTree = "<group>";
		};
/* End PBXVariantGroup section */

/* Begin XCBuildConfiguration section */
		15CC2FC822BA10E30043A1C1 /* Debug */ = {
			isa = XCBuildConfiguration;
			buildSettings = {
				ALWAYS_SEARCH_USER_PATHS = NO;
				CLANG_ANALYZER_NONNULL = YES;
				CLANG_ANALYZER_NUMBER_OBJECT_CONVERSION = YES_AGGRESSIVE;
				CLANG_CXX_LANGUAGE_STANDARD = "gnu++14";
				CLANG_CXX_LIBRARY = "libc++";
				CLANG_ENABLE_MODULES = YES;
				CLANG_ENABLE_OBJC_ARC = YES;
				CLANG_ENABLE_OBJC_WEAK = YES;
				CLANG_WARN_BLOCK_CAPTURE_AUTORELEASING = YES;
				CLANG_WARN_BOOL_CONVERSION = YES;
				CLANG_WARN_COMMA = YES;
				CLANG_WARN_CONSTANT_CONVERSION = YES;
				CLANG_WARN_DEPRECATED_OBJC_IMPLEMENTATIONS = YES;
				CLANG_WARN_DIRECT_OBJC_ISA_USAGE = YES_ERROR;
				CLANG_WARN_DOCUMENTATION_COMMENTS = YES;
				CLANG_WARN_EMPTY_BODY = YES;
				CLANG_WARN_ENUM_CONVERSION = YES;
				CLANG_WARN_INFINITE_RECURSION = YES;
				CLANG_WARN_INT_CONVERSION = YES;
				CLANG_WARN_NON_LITERAL_NULL_CONVERSION = YES;
				CLANG_WARN_OBJC_IMPLICIT_RETAIN_SELF = YES;
				CLANG_WARN_OBJC_LITERAL_CONVERSION = YES;
				CLANG_WARN_OBJC_ROOT_CLASS = YES_ERROR;
				CLANG_WARN_RANGE_LOOP_ANALYSIS = YES;
				CLANG_WARN_STRICT_PROTOTYPES = YES;
				CLANG_WARN_SUSPICIOUS_MOVE = YES;
				CLANG_WARN_UNGUARDED_AVAILABILITY = YES_AGGRESSIVE;
				CLANG_WARN_UNREACHABLE_CODE = YES;
				CLANG_WARN__DUPLICATE_METHOD_MATCH = YES;
				CODE_SIGN_IDENTITY = "iPhone Developer";
				COPY_PHASE_STRIP = NO;
				DEBUG_INFORMATION_FORMAT = dwarf;
				ENABLE_STRICT_OBJC_MSGSEND = YES;
				ENABLE_TESTABILITY = YES;
				GCC_C_LANGUAGE_STANDARD = gnu11;
				GCC_DYNAMIC_NO_PIC = NO;
				GCC_NO_COMMON_BLOCKS = YES;
				GCC_OPTIMIZATION_LEVEL = 0;
				GCC_PREPROCESSOR_DEFINITIONS = (
					"DEBUG=1",
					"$(inherited)",
				);
				GCC_WARN_64_TO_32_BIT_CONVERSION = YES;
				GCC_WARN_ABOUT_RETURN_TYPE = YES_ERROR;
				GCC_WARN_UNDECLARED_SELECTOR = YES;
				GCC_WARN_UNINITIALIZED_AUTOS = YES_AGGRESSIVE;
				GCC_WARN_UNUSED_FUNCTION = YES;
				GCC_WARN_UNUSED_VARIABLE = YES;
				IPHONEOS_DEPLOYMENT_TARGET = 12.2;
				MTL_ENABLE_DEBUG_INFO = INCLUDE_SOURCE;
				MTL_FAST_MATH = YES;
				ONLY_ACTIVE_ARCH = YES;
				SDKROOT = iphoneos;
				SWIFT_ACTIVE_COMPILATION_CONDITIONS = DEBUG;
				SWIFT_OPTIMIZATION_LEVEL = "-Onone";
			};
			name = Debug;
		};
		15CC2FC922BA10E30043A1C1 /* Release */ = {
			isa = XCBuildConfiguration;
			buildSettings = {
				ALWAYS_SEARCH_USER_PATHS = NO;
				CLANG_ANALYZER_NONNULL = YES;
				CLANG_ANALYZER_NUMBER_OBJECT_CONVERSION = YES_AGGRESSIVE;
				CLANG_CXX_LANGUAGE_STANDARD = "gnu++14";
				CLANG_CXX_LIBRARY = "libc++";
				CLANG_ENABLE_MODULES = YES;
				CLANG_ENABLE_OBJC_ARC = YES;
				CLANG_ENABLE_OBJC_WEAK = YES;
				CLANG_WARN_BLOCK_CAPTURE_AUTORELEASING = YES;
				CLANG_WARN_BOOL_CONVERSION = YES;
				CLANG_WARN_COMMA = YES;
				CLANG_WARN_CONSTANT_CONVERSION = YES;
				CLANG_WARN_DEPRECATED_OBJC_IMPLEMENTATIONS = YES;
				CLANG_WARN_DIRECT_OBJC_ISA_USAGE = YES_ERROR;
				CLANG_WARN_DOCUMENTATION_COMMENTS = YES;
				CLANG_WARN_EMPTY_BODY = YES;
				CLANG_WARN_ENUM_CONVERSION = YES;
				CLANG_WARN_INFINITE_RECURSION = YES;
				CLANG_WARN_INT_CONVERSION = YES;
				CLANG_WARN_NON_LITERAL_NULL_CONVERSION = YES;
				CLANG_WARN_OBJC_IMPLICIT_RETAIN_SELF = YES;
				CLANG_WARN_OBJC_LITERAL_CONVERSION = YES;
				CLANG_WARN_OBJC_ROOT_CLASS = YES_ERROR;
				CLANG_WARN_RANGE_LOOP_ANALYSIS = YES;
				CLANG_WARN_STRICT_PROTOTYPES = YES;
				CLANG_WARN_SUSPICIOUS_MOVE = YES;
				CLANG_WARN_UNGUARDED_AVAILABILITY = YES_AGGRESSIVE;
				CLANG_WARN_UNREACHABLE_CODE = YES;
				CLANG_WARN__DUPLICATE_METHOD_MATCH = YES;
				CODE_SIGN_IDENTITY = "iPhone Developer";
				COPY_PHASE_STRIP = NO;
				DEBUG_INFORMATION_FORMAT = "dwarf-with-dsym";
				ENABLE_NS_ASSERTIONS = NO;
				ENABLE_STRICT_OBJC_MSGSEND = YES;
				GCC_C_LANGUAGE_STANDARD = gnu11;
				GCC_NO_COMMON_BLOCKS = YES;
				GCC_WARN_64_TO_32_BIT_CONVERSION = YES;
				GCC_WARN_ABOUT_RETURN_TYPE = YES_ERROR;
				GCC_WARN_UNDECLARED_SELECTOR = YES;
				GCC_WARN_UNINITIALIZED_AUTOS = YES_AGGRESSIVE;
				GCC_WARN_UNUSED_FUNCTION = YES;
				GCC_WARN_UNUSED_VARIABLE = YES;
				IPHONEOS_DEPLOYMENT_TARGET = 12.2;
				MTL_ENABLE_DEBUG_INFO = NO;
				MTL_FAST_MATH = YES;
				SDKROOT = iphoneos;
				SWIFT_COMPILATION_MODE = wholemodule;
				SWIFT_OPTIMIZATION_LEVEL = "-O";
				VALIDATE_PRODUCT = YES;
			};
			name = Release;
		};
		15CC2FCB22BA10E30043A1C1 /* Debug */ = {
			isa = XCBuildConfiguration;
			buildSettings = {
				ASSETCATALOG_COMPILER_APPICON_NAME = AppIcon;
				CODE_SIGN_STYLE = Automatic;
				DEVELOPMENT_TEAM = GFG94CPZ5N;
				INFOPLIST_FILE = RestoreApp/Info.plist;
				LD_RUNPATH_SEARCH_PATHS = (
					"$(inherited)",
					"@executable_path/Frameworks",
				);
				PRODUCT_BUNDLE_IDENTIFIER = com.darielchen.RestoreApp;
				PRODUCT_NAME = "$(TARGET_NAME)";
				SWIFT_VERSION = 5.0;
				TARGETED_DEVICE_FAMILY = "1,2";
			};
			name = Debug;
		};
		15CC2FCC22BA10E30043A1C1 /* Release */ = {
			isa = XCBuildConfiguration;
			buildSettings = {
				ASSETCATALOG_COMPILER_APPICON_NAME = AppIcon;
				CODE_SIGN_STYLE = Automatic;
				DEVELOPMENT_TEAM = GFG94CPZ5N;
				INFOPLIST_FILE = RestoreApp/Info.plist;
				LD_RUNPATH_SEARCH_PATHS = (
					"$(inherited)",
					"@executable_path/Frameworks",
				);
				PRODUCT_BUNDLE_IDENTIFIER = com.darielchen.RestoreApp;
				PRODUCT_NAME = "$(TARGET_NAME)";
				SWIFT_VERSION = 5.0;
				TARGETED_DEVICE_FAMILY = "1,2";
			};
			name = Release;
		};
/* End XCBuildConfiguration section */

/* Begin XCConfigurationList section */
		15CC2FB322BA10E20043A1C1 /* Build configuration list for PBXProject "RestoreApp" */ = {
			isa = XCConfigurationList;
			buildConfigurations = (
				15CC2FC822BA10E30043A1C1 /* Debug */,
				15CC2FC922BA10E30043A1C1 /* Release */,
			);
			defaultConfigurationIsVisible = 0;
			defaultConfigurationName = Release;
		};
		15CC2FCA22BA10E30043A1C1 /* Build configuration list for PBXNativeTarget "RestoreApp" */ = {
			isa = XCConfigurationList;
			buildConfigurations = (
				15CC2FCB22BA10E30043A1C1 /* Debug */,
				15CC2FCC22BA10E30043A1C1 /* Release */,
			);
			defaultConfigurationIsVisible = 0;
			defaultConfigurationName = Release;
		};
/* End XCConfigurationList section */
	};
	rootObject = 15CC2FB022BA10E20043A1C1 /* Project object */;
}
